
Microsoft Visual Studio Solution File, Format Version 12.00
# Visual Studio Version 16
VisualStudioVersion = 16.0.31105.61
MinimumVisualStudioVersion = 10.0.40219.1
Project("{FAE04EC0-301F-11D3-BF4B-00C04F79EFBC}") = "TTFL", "TTFL\TTFL.csproj", "{041AD861-30BA-4D98-8289-A0150E897815}"
EndProject
Global
	GlobalSection(SolutionConfigurationPlatforms) = preSolution
		Debug|Any CPU = Debug|Any CPU
		Release|Any CPU = Release|Any CPU
	EndGlobalSection
	GlobalSection(ProjectConfigurationPlatforms) = postSolution
		{041AD861-30BA-4D98-8289-A0150E897815}.Debug|Any CPU.ActiveCfg = Debug|Any CPU
		{041AD861-30BA-4D98-8289-A0150E897815}.Debug|Any CPU.Build.0 = Debug|Any CPU
		{041AD861-30BA-4D98-8289-A0150E897815}.Release|Any CPU.ActiveCfg = Release|Any CPU
		{041AD861-30BA-4D98-8289-A0150E897815}.Release|Any CPU.Build.0 = Release|Any CPU
	EndGlobalSection
	GlobalSection(SolutionProperties) = preSolution
		HideSolutionNode = FALSE
	EndGlobalSection
	GlobalSection(ExtensibilityGlobals) = postSolution
		SolutionGuid = {83D1BC4E-4DB6-4BCB-B5EB-8486689511C5}
	EndGlobalSection
EndGlobal
